
Microsoft Visual Studio Solution File, Format Version 12.00
# Visual Studio Version 17
VisualStudioVersion = 17.5.33424.131
MinimumVisualStudioVersion = 10.0.40219.1
Project("{9A19103F-16F7-4668-BE54-9A1E7A4F7556}") = "MKW.API", "MKW.API\MKW.API.csproj", "{38779A9F-F378-4260-98C4-10BA1B2CB6EA}"
EndProject
Project("{2150E333-8FDC-42A3-9474-1A3956D46DE8}") = "0 - Application", "0 - Application", "{9F71BE6F-7E67-484D-B5F7-6F3873B29E7D}"
EndProject
Project("{2150E333-8FDC-42A3-9474-1A3956D46DE8}") = "1 - Middleware", "1 - Middleware", "{2D9B6938-76C9-4FF5-8736-D245CE98AF6E}"
EndProject
Project("{2150E333-8FDC-42A3-9474-1A3956D46DE8}") = "2 - Services", "2 - Services", "{167F39A6-4245-4F92-98E4-80ED5B3F20AF}"
EndProject
Project("{2150E333-8FDC-42A3-9474-1A3956D46DE8}") = "4 - Domain", "4 - Domain", "{3B23A7D0-2D07-4937-97AA-BB07B902BCCC}"
EndProject
Project("{2150E333-8FDC-42A3-9474-1A3956D46DE8}") = "3 - Infra", "3 - Infra", "{C8655287-3721-49A4-AFB1-7125A4CFB963}"
EndProject
Project("{9A19103F-16F7-4668-BE54-9A1E7A4F7556}") = "MKW.Middleware", "MKW.Middleware\MKW.Middleware.csproj", "{1D7988A2-C8DC-4649-95BF-88DCF86A1C8D}"
EndProject
Project("{9A19103F-16F7-4668-BE54-9A1E7A4F7556}") = "MKW.Data.Repository", "MKW.Data.Repository\MKW.Data.Repository.csproj", "{773D52C8-D5E2-4367-B434-4C396E953969}"
EndProject
Project("{9A19103F-16F7-4668-BE54-9A1E7A4F7556}") = "MKW.Data.Context", "MKW.Data.Infra\MKW.Data.Context.csproj", "{C34D8283-D671-43A4-8B6B-7856EA8A9F55}"
EndProject
Project("{9A19103F-16F7-4668-BE54-9A1E7A4F7556}") = "MKW.Domain.Entities", "MKW.Domain.Entities\MKW.Domain.Entities.csproj", "{F5563A28-4139-4087-B880-57950C9F42D5}"
EndProject
Project("{9A19103F-16F7-4668-BE54-9A1E7A4F7556}") = "MKW.IoC", "MKW.IoC\MKW.IoC.csproj", "{A3D194D3-62F8-497F-8283-B60270A4664E}"
EndProject
Project("{2150E333-8FDC-42A3-9474-1A3956D46DE8}") = "4.1 - Interface", "4.1 - Interface", "{72A8BE0A-D04E-4603-AC94-D2EB8EAD9221}"
EndProject
Project("{9A19103F-16F7-4668-BE54-9A1E7A4F7556}") = "MKW.Domain.Interface.Services", "MKW.Domain.Interface.Services\MKW.Domain.Interface.Services.csproj", "{9830575D-4F92-4B2C-97C1-8FB41862D857}"
EndProject
Project("{9A19103F-16F7-4668-BE54-9A1E7A4F7556}") = "MKW.Domain.Interface.Repository", "MKW.Domain.Interface.Repository\MKW.Domain.Interface.Repository.csproj", "{2A395207-3C8B-419B-A39A-4D8732D28F4E}"
EndProject
Project("{2150E333-8FDC-42A3-9474-1A3956D46DE8}") = "4.0 - Models", "4.0 - Models", "{14AD6D82-D6B0-4D2F-811E-0398107B4905}"
EndProject
Project("{9A19103F-16F7-4668-BE54-9A1E7A4F7556}") = "MKW.Domain.Dto", "MKW.Domain.ViewModel\MKW.Domain.Dto.csproj", "{D400288A-E74B-4A48-BCB4-C6BE422BF6C7}"
EndProject
Project("{9A19103F-16F7-4668-BE54-9A1E7A4F7556}") = "MKW.Services.AppServices", "MKW.Services.AppServices\MKW.Services.AppServices.csproj", "{06CC9640-FF5A-442E-AC43-749F5779021A}"
EndProject
Project("{9A19103F-16F7-4668-BE54-9A1E7A4F7556}") = "MKW.Services.BaseServices", "MKW.Services.BaseServices\MKW.Services.BaseServices.csproj", "{9F61D1EE-9370-49F7-93B3-A5A5D5C6B447}"
EndProject
Project("{2150E333-8FDC-42A3-9474-1A3956D46DE8}") = "5 - Tests", "5 - Tests", "{41F74524-BD03-45A5-9A3D-7C14DF35A118}"
EndProject
Project("{9A19103F-16F7-4668-BE54-9A1E7A4F7556}") = "MKW.Tests", "MKW.Tests\MKW.Tests.csproj", "{49BC3030-700B-48D7-8BB8-83A6B3FCD64D}"
EndProject
Project("{2150E333-8FDC-42A3-9474-1A3956D46DE8}") = "4.2 - Utility", "4.2 - Utility", "{44C5B958-593E-44D7-981E-17CECF1D1BE5}"
EndProject
Project("{9A19103F-16F7-4668-BE54-9A1E7A4F7556}") = "MKW.Domain.Utility", "MKW.Domain.Utility\MKW.Domain.Utility.csproj", "{5F767CC4-FDC2-40B4-B799-6E9BFB8C1048}"
EndProject
Global
	GlobalSection(SolutionConfigurationPlatforms) = preSolution
		Debug|Any CPU = Debug|Any CPU
		Release|Any CPU = Release|Any CPU
	EndGlobalSection
	GlobalSection(ProjectConfigurationPlatforms) = postSolution
		{38779A9F-F378-4260-98C4-10BA1B2CB6EA}.Debug|Any CPU.ActiveCfg = Debug|Any CPU
		{38779A9F-F378-4260-98C4-10BA1B2CB6EA}.Debug|Any CPU.Build.0 = Debug|Any CPU
		{38779A9F-F378-4260-98C4-10BA1B2CB6EA}.Release|Any CPU.ActiveCfg = Release|Any CPU
		{38779A9F-F378-4260-98C4-10BA1B2CB6EA}.Release|Any CPU.Build.0 = Release|Any CPU
		{1D7988A2-C8DC-4649-95BF-88DCF86A1C8D}.Debug|Any CPU.ActiveCfg = Debug|Any CPU
		{1D7988A2-C8DC-4649-95BF-88DCF86A1C8D}.Debug|Any CPU.Build.0 = Debug|Any CPU
		{1D7988A2-C8DC-4649-95BF-88DCF86A1C8D}.Release|Any CPU.ActiveCfg = Release|Any CPU
		{1D7988A2-C8DC-4649-95BF-88DCF86A1C8D}.Release|Any CPU.Build.0 = Release|Any CPU
		{773D52C8-D5E2-4367-B434-4C396E953969}.Debug|Any CPU.ActiveCfg = Debug|Any CPU
		{773D52C8-D5E2-4367-B434-4C396E953969}.Debug|Any CPU.Build.0 = Debug|Any CPU
		{773D52C8-D5E2-4367-B434-4C396E953969}.Release|Any CPU.ActiveCfg = Release|Any CPU
		{773D52C8-D5E2-4367-B434-4C396E953969}.Release|Any CPU.Build.0 = Release|Any CPU
		{C34D8283-D671-43A4-8B6B-7856EA8A9F55}.Debug|Any CPU.ActiveCfg = Debug|Any CPU
		{C34D8283-D671-43A4-8B6B-7856EA8A9F55}.Debug|Any CPU.Build.0 = Debug|Any CPU
		{C34D8283-D671-43A4-8B6B-7856EA8A9F55}.Release|Any CPU.ActiveCfg = Release|Any CPU
		{C34D8283-D671-43A4-8B6B-7856EA8A9F55}.Release|Any CPU.Build.0 = Release|Any CPU
		{F5563A28-4139-4087-B880-57950C9F42D5}.Debug|Any CPU.ActiveCfg = Debug|Any CPU
		{F5563A28-4139-4087-B880-57950C9F42D5}.Debug|Any CPU.Build.0 = Debug|Any CPU
		{F5563A28-4139-4087-B880-57950C9F42D5}.Release|Any CPU.ActiveCfg = Release|Any CPU
		{F5563A28-4139-4087-B880-57950C9F42D5}.Release|Any CPU.Build.0 = Release|Any CPU
		{A3D194D3-62F8-497F-8283-B60270A4664E}.Debug|Any CPU.ActiveCfg = Debug|Any CPU
		{A3D194D3-62F8-497F-8283-B60270A4664E}.Debug|Any CPU.Build.0 = Debug|Any CPU
		{A3D194D3-62F8-497F-8283-B60270A4664E}.Release|Any CPU.ActiveCfg = Release|Any CPU
		{A3D194D3-62F8-497F-8283-B60270A4664E}.Release|Any CPU.Build.0 = Release|Any CPU
		{9830575D-4F92-4B2C-97C1-8FB41862D857}.Debug|Any CPU.ActiveCfg = Debug|Any CPU
		{9830575D-4F92-4B2C-97C1-8FB41862D857}.Debug|Any CPU.Build.0 = Debug|Any CPU
		{9830575D-4F92-4B2C-97C1-8FB41862D857}.Release|Any CPU.ActiveCfg = Release|Any CPU
		{9830575D-4F92-4B2C-97C1-8FB41862D857}.Release|Any CPU.Build.0 = Release|Any CPU
		{2A395207-3C8B-419B-A39A-4D8732D28F4E}.Debug|Any CPU.ActiveCfg = Debug|Any CPU
		{2A395207-3C8B-419B-A39A-4D8732D28F4E}.Debug|Any CPU.Build.0 = Debug|Any CPU
		{2A395207-3C8B-419B-A39A-4D8732D28F4E}.Release|Any CPU.ActiveCfg = Release|Any CPU
		{2A395207-3C8B-419B-A39A-4D8732D28F4E}.Release|Any CPU.Build.0 = Release|Any CPU
		{D400288A-E74B-4A48-BCB4-C6BE422BF6C7}.Debug|Any CPU.ActiveCfg = Debug|Any CPU
		{D400288A-E74B-4A48-BCB4-C6BE422BF6C7}.Debug|Any CPU.Build.0 = Debug|Any CPU
		{D400288A-E74B-4A48-BCB4-C6BE422BF6C7}.Release|Any CPU.ActiveCfg = Release|Any CPU
		{D400288A-E74B-4A48-BCB4-C6BE422BF6C7}.Release|Any CPU.Build.0 = Release|Any CPU
		{06CC9640-FF5A-442E-AC43-749F5779021A}.Debug|Any CPU.ActiveCfg = Debug|Any CPU
		{06CC9640-FF5A-442E-AC43-749F5779021A}.Debug|Any CPU.Build.0 = Debug|Any CPU
		{06CC9640-FF5A-442E-AC43-749F5779021A}.Release|Any CPU.ActiveCfg = Release|Any CPU
		{06CC9640-FF5A-442E-AC43-749F5779021A}.Release|Any CPU.Build.0 = Release|Any CPU
		{9F61D1EE-9370-49F7-93B3-A5A5D5C6B447}.Debug|Any CPU.ActiveCfg = Debug|Any CPU
		{9F61D1EE-9370-49F7-93B3-A5A5D5C6B447}.Debug|Any CPU.Build.0 = Debug|Any CPU
		{9F61D1EE-9370-49F7-93B3-A5A5D5C6B447}.Release|Any CPU.ActiveCfg = Release|Any CPU
		{9F61D1EE-9370-49F7-93B3-A5A5D5C6B447}.Release|Any CPU.Build.0 = Release|Any CPU
		{49BC3030-700B-48D7-8BB8-83A6B3FCD64D}.Debug|Any CPU.ActiveCfg = Debug|Any CPU
		{49BC3030-700B-48D7-8BB8-83A6B3FCD64D}.Debug|Any CPU.Build.0 = Debug|Any CPU
		{49BC3030-700B-48D7-8BB8-83A6B3FCD64D}.Release|Any CPU.ActiveCfg = Release|Any CPU
		{49BC3030-700B-48D7-8BB8-83A6B3FCD64D}.Release|Any CPU.Build.0 = Release|Any CPU
		{5F767CC4-FDC2-40B4-B799-6E9BFB8C1048}.Debug|Any CPU.ActiveCfg = Debug|Any CPU
		{5F767CC4-FDC2-40B4-B799-6E9BFB8C1048}.Debug|Any CPU.Build.0 = Debug|Any CPU
		{5F767CC4-FDC2-40B4-B799-6E9BFB8C1048}.Release|Any CPU.ActiveCfg = Release|Any CPU
		{5F767CC4-FDC2-40B4-B799-6E9BFB8C1048}.Release|Any CPU.Build.0 = Release|Any CPU
	EndGlobalSection
	GlobalSection(SolutionProperties) = preSolution
		HideSolutionNode = FALSE
	EndGlobalSection
	GlobalSection(NestedProjects) = preSolution
		{38779A9F-F378-4260-98C4-10BA1B2CB6EA} = {9F71BE6F-7E67-484D-B5F7-6F3873B29E7D}
		{1D7988A2-C8DC-4649-95BF-88DCF86A1C8D} = {2D9B6938-76C9-4FF5-8736-D245CE98AF6E}
		{773D52C8-D5E2-4367-B434-4C396E953969} = {C8655287-3721-49A4-AFB1-7125A4CFB963}
		{C34D8283-D671-43A4-8B6B-7856EA8A9F55} = {C8655287-3721-49A4-AFB1-7125A4CFB963}
		{F5563A28-4139-4087-B880-57950C9F42D5} = {14AD6D82-D6B0-4D2F-811E-0398107B4905}
		{A3D194D3-62F8-497F-8283-B60270A4664E} = {2D9B6938-76C9-4FF5-8736-D245CE98AF6E}
		{72A8BE0A-D04E-4603-AC94-D2EB8EAD9221} = {3B23A7D0-2D07-4937-97AA-BB07B902BCCC}
		{9830575D-4F92-4B2C-97C1-8FB41862D857} = {72A8BE0A-D04E-4603-AC94-D2EB8EAD9221}
		{2A395207-3C8B-419B-A39A-4D8732D28F4E} = {72A8BE0A-D04E-4603-AC94-D2EB8EAD9221}
		{14AD6D82-D6B0-4D2F-811E-0398107B4905} = {3B23A7D0-2D07-4937-97AA-BB07B902BCCC}
		{D400288A-E74B-4A48-BCB4-C6BE422BF6C7} = {14AD6D82-D6B0-4D2F-811E-0398107B4905}
		{06CC9640-FF5A-442E-AC43-749F5779021A} = {167F39A6-4245-4F92-98E4-80ED5B3F20AF}
		{9F61D1EE-9370-49F7-93B3-A5A5D5C6B447} = {167F39A6-4245-4F92-98E4-80ED5B3F20AF}
		{49BC3030-700B-48D7-8BB8-83A6B3FCD64D} = {41F74524-BD03-45A5-9A3D-7C14DF35A118}
		{44C5B958-593E-44D7-981E-17CECF1D1BE5} = {3B23A7D0-2D07-4937-97AA-BB07B902BCCC}
		{5F767CC4-FDC2-40B4-B799-6E9BFB8C1048} = {44C5B958-593E-44D7-981E-17CECF1D1BE5}
	EndGlobalSection
	GlobalSection(ExtensibilityGlobals) = postSolution
		SolutionGuid = {2C8BCFC0-739A-415E-95DC-86E2A8CCCE7D}
	EndGlobalSection
EndGlobal
